// !$*UTF8*$!
{
	archiveVersion = 1;
	classes = {
	};
	objectVersion = 52;
	objects = {

/* Begin PBXBuildFile section */
		141E377324C75F0C00B7B4B6 /* CCData.swift in Sources */ = {isa = PBXBuildFile; fileRef = 141E377224C75F0C00B7B4B6 /* CCData.swift */; };
		141E377424C75F0C00B7B4B6 /* CCData.swift in Sources */ = {isa = PBXBuildFile; fileRef = 141E377224C75F0C00B7B4B6 /* CCData.swift */; };
		141E377524C75F0C00B7B4B6 /* CCData.swift in Sources */ = {isa = PBXBuildFile; fileRef = 141E377224C75F0C00B7B4B6 /* CCData.swift */; };
		144BDA8E24D30F4200FF9085 /* CardModels.swift in Sources */ = {isa = PBXBuildFile; fileRef = 144BDA8D24D30F4200FF9085 /* CardModels.swift */; };
		144BDA9124D48B9D00FF9085 /* SDWebImageSwiftUI in Frameworks */ = {isa = PBXBuildFile; productRef = 144BDA9024D48B9D00FF9085 /* SDWebImageSwiftUI */; };
		144BDA9324D5752300FF9085 /* Color+Ext.swift in Sources */ = {isa = PBXBuildFile; fileRef = 144BDA9224D5752300FF9085 /* Color+Ext.swift */; };
		145002B224CADD16008C9A8E /* NumberTextFieldViewModel.swift in Sources */ = {isa = PBXBuildFile; fileRef = 145002B124CADD16008C9A8E /* NumberTextFieldViewModel.swift */; };
		145002B424CAE4F3008C9A8E /* TextEditor.swift in Sources */ = {isa = PBXBuildFile; fileRef = 145002B324CAE4F3008C9A8E /* TextEditor.swift */; };
		145002BE24CDCB34008C9A8E /* CardView.swift in Sources */ = {isa = PBXBuildFile; fileRef = 145002BD24CDCB34008C9A8E /* CardView.swift */; };
		145002C024CDD4B1008C9A8E /* HomeView.swift in Sources */ = {isa = PBXBuildFile; fileRef = 145002BF24CDD4B1008C9A8E /* HomeView.swift */; };
		145002D324CDDBCB008C9A8E /* CardsList.swift in Sources */ = {isa = PBXBuildFile; fileRef = 145002D224CDDBCB008C9A8E /* CardsList.swift */; };
		147D3D6C24D2D25200DAFF48 /* Collection+Ext.swift in Sources */ = {isa = PBXBuildFile; fileRef = 147D3D6B24D2D25200DAFF48 /* Collection+Ext.swift */; };
		148A3F8524DC790F004110BA /* SortFilterData.swift in Sources */ = {isa = PBXBuildFile; fileRef = 148A3F8424DC790E004110BA /* SortFilterData.swift */; };
		149840BB24E15D1F00033EB4 /* SortFilterView.swift in Sources */ = {isa = PBXBuildFile; fileRef = 149840BA24E15D1F00033EB4 /* SortFilterView.swift */; };
		14A768E324C8809200D737D7 /* SessionInfo.swift in Sources */ = {isa = PBXBuildFile; fileRef = 14A768E224C8809200D737D7 /* SessionInfo.swift */; };
		14A768E724C880A500D737D7 /* InlineAlert.swift in Sources */ = {isa = PBXBuildFile; fileRef = 14A768E624C880A500D737D7 /* InlineAlert.swift */; };
		14A768E924C880AB00D737D7 /* Session.swift in Sources */ = {isa = PBXBuildFile; fileRef = 14A768E824C880AB00D737D7 /* Session.swift */; };
		14A768EB24C880B200D737D7 /* CustomButton.swift in Sources */ = {isa = PBXBuildFile; fileRef = 14A768EA24C880B200D737D7 /* CustomButton.swift */; };
		14A768ED24C880B700D737D7 /* CustomInput.swift in Sources */ = {isa = PBXBuildFile; fileRef = 14A768EC24C880B700D737D7 /* CustomInput.swift */; };
		14A768EF24C8813100D737D7 /* AppView.swift in Sources */ = {isa = PBXBuildFile; fileRef = 14A768EE24C8813100D737D7 /* AppView.swift */; };
		14A768F124C881E800D737D7 /* RecipeStore.swift in Sources */ = {isa = PBXBuildFile; fileRef = 14A768F024C881E800D737D7 /* RecipeStore.swift */; };
		14A768F324C887B800D737D7 /* PhoneSignInView.swift in Sources */ = {isa = PBXBuildFile; fileRef = 14A768F224C887B800D737D7 /* PhoneSignInView.swift */; };
		14A768F824C8CAC400D737D7 /* System.swift in Sources */ = {isa = PBXBuildFile; fileRef = 14A768F624C8CAC400D737D7 /* System.swift */; };
		14A768F924C8CAC400D737D7 /* Feedback.swift in Sources */ = {isa = PBXBuildFile; fileRef = 14A768F724C8CAC400D737D7 /* Feedback.swift */; };
		14A768FD24C9748700D737D7 /* UIResponder+Current.swift in Sources */ = {isa = PBXBuildFile; fileRef = 14A768FA24C9748600D737D7 /* UIResponder+Current.swift */; };
		14A768FE24C9748700D737D7 /* KeyboardHeightPublisher.swift in Sources */ = {isa = PBXBuildFile; fileRef = 14A768FB24C9748600D737D7 /* KeyboardHeightPublisher.swift */; };
		14A768FF24C9748700D737D7 /* KeyboardAdaptive.swift in Sources */ = {isa = PBXBuildFile; fileRef = 14A768FC24C9748700D737D7 /* KeyboardAdaptive.swift */; };
		14A7690824C99D2F00D737D7 /* Spinner.swift in Sources */ = {isa = PBXBuildFile; fileRef = 14A7690324C99D2F00D737D7 /* Spinner.swift */; };
		14A7690924C99D2F00D737D7 /* ImageCache.swift in Sources */ = {isa = PBXBuildFile; fileRef = 14A7690524C99D2F00D737D7 /* ImageCache.swift */; };
		14A7690A24C99D2F00D737D7 /* ImageLoader.swift in Sources */ = {isa = PBXBuildFile; fileRef = 14A7690624C99D2F00D737D7 /* ImageLoader.swift */; };
		14A7690B24C99D2F00D737D7 /* AsyncImage.swift in Sources */ = {isa = PBXBuildFile; fileRef = 14A7690724C99D2F00D737D7 /* AsyncImage.swift */; };
		14A7690E24C99D9F00D737D7 /* View+Ext.swift in Sources */ = {isa = PBXBuildFile; fileRef = 14A7690D24C99D9F00D737D7 /* View+Ext.swift */; };
		14A7691024CAC4F900D737D7 /* GradientButtonStyle.swift in Sources */ = {isa = PBXBuildFile; fileRef = 14A7690F24CAC4F900D737D7 /* GradientButtonStyle.swift */; };
		14A8D90524C701F9007CD350 /* AppDelegate.swift in Sources */ = {isa = PBXBuildFile; fileRef = 14A8D90424C701F9007CD350 /* AppDelegate.swift */; };
		14A8D90724C701F9007CD350 /* SceneDelegate.swift in Sources */ = {isa = PBXBuildFile; fileRef = 14A8D90624C701F9007CD350 /* SceneDelegate.swift */; };
		14A8D90A24C701F9007CD350 /* Crewards.xcdatamodeld in Sources */ = {isa = PBXBuildFile; fileRef = 14A8D90824C701F9007CD350 /* Crewards.xcdatamodeld */; };
		14A8D90C24C701F9007CD350 /* ContentView.swift in Sources */ = {isa = PBXBuildFile; fileRef = 14A8D90B24C701F9007CD350 /* ContentView.swift */; };
		14A8D90E24C701FB007CD350 /* Assets.xcassets in Resources */ = {isa = PBXBuildFile; fileRef = 14A8D90D24C701FB007CD350 /* Assets.xcassets */; };
		14A8D91124C701FB007CD350 /* Preview Assets.xcassets in Resources */ = {isa = PBXBuildFile; fileRef = 14A8D91024C701FB007CD350 /* Preview Assets.xcassets */; };
		14A8D91424C701FB007CD350 /* LaunchScreen.storyboard in Resources */ = {isa = PBXBuildFile; fileRef = 14A8D91224C701FB007CD350 /* LaunchScreen.storyboard */; };
		14A8D91F24C701FB007CD350 /* CrewardsTests.swift in Sources */ = {isa = PBXBuildFile; fileRef = 14A8D91E24C701FB007CD350 /* CrewardsTests.swift */; };
		14A8D92A24C701FB007CD350 /* CrewardsUITests.swift in Sources */ = {isa = PBXBuildFile; fileRef = 14A8D92924C701FB007CD350 /* CrewardsUITests.swift */; };
		14A8D93824C70220007CD350 /* GoogleService-Info.plist in Resources */ = {isa = PBXBuildFile; fileRef = 14A8D93724C70220007CD350 /* GoogleService-Info.plist */; };
		14AF181D24E3CC3000DD47A5 /* ProgressBar.swift in Sources */ = {isa = PBXBuildFile; fileRef = 14AF181C24E3CC3000DD47A5 /* ProgressBar.swift */; };
		14B2209C24D82F66004DC9FB /* SBIPrime.swift in Sources */ = {isa = PBXBuildFile; fileRef = 14B2209B24D82F65004DC9FB /* SBIPrime.swift */; };
		14B2209E24D83033004DC9FB /* HDFCInfinia.swift in Sources */ = {isa = PBXBuildFile; fileRef = 14B2209D24D83033004DC9FB /* HDFCInfinia.swift */; };
		14B220A024D83075004DC9FB /* HDFCRegalia.swift in Sources */ = {isa = PBXBuildFile; fileRef = 14B2209F24D83075004DC9FB /* HDFCRegalia.swift */; };
		14B220A224D83181004DC9FB /* ICICIEmeralde.swift in Sources */ = {isa = PBXBuildFile; fileRef = 14B220A124D83181004DC9FB /* ICICIEmeralde.swift */; };
		14B220A524D88C53004DC9FB /* SkeletonUI in Frameworks */ = {isa = PBXBuildFile; productRef = 14B220A424D88C53004DC9FB /* SkeletonUI */; };
		14BC5AC824D99426008FC263 /* CitiPremier.swift in Sources */ = {isa = PBXBuildFile; fileRef = 14BC5AC424D99426008FC263 /* CitiPremier.swift */; };
		14BC5AC924D99426008FC263 /* SBIElite.swift in Sources */ = {isa = PBXBuildFile; fileRef = 14BC5AC524D99426008FC263 /* SBIElite.swift */; };
		14BC5ACA24D99426008FC263 /* HDFCDinersBlack.swift in Sources */ = {isa = PBXBuildFile; fileRef = 14BC5AC624D99426008FC263 /* HDFCDinersBlack.swift */; };
		14BC5ACB24D99426008FC263 /* HSBCPlatinum.swift in Sources */ = {isa = PBXBuildFile; fileRef = 14BC5AC724D99426008FC263 /* HSBCPlatinum.swift */; };
		14BC5ACD24D9DDCD008FC263 /* DiscoverView.swift in Sources */ = {isa = PBXBuildFile; fileRef = 14BC5ACC24D9DDCD008FC263 /* DiscoverView.swift */; };
		14BC5ACF24D9DDF2008FC263 /* OffersView.swift in Sources */ = {isa = PBXBuildFile; fileRef = 14BC5ACE24D9DDF2008FC263 /* OffersView.swift */; };
		14BC5AD124D9DE18008FC263 /* MyCardsView.swift in Sources */ = {isa = PBXBuildFile; fileRef = 14BC5AD024D9DE18008FC263 /* MyCardsView.swift */; };
		14BC5AD324DA932E008FC263 /* ProductCard.swift in Sources */ = {isa = PBXBuildFile; fileRef = 14BC5AD224DA932E008FC263 /* ProductCard.swift */; };
		14D1C69724E4333700604029 /* NoSeparatorList.swift in Sources */ = {isa = PBXBuildFile; fileRef = 14D1C69624E4333700604029 /* NoSeparatorList.swift */; };
		2657E4D242B51D155D3253F6 /* Pods_Crewards.framework in Frameworks */ = {isa = PBXBuildFile; fileRef = 2B8169F54FAC19C1A911BB3D /* Pods_Crewards.framework */; };
		299D68FCA929B7698BDA9E11 /* Pods_CrewardsTests.framework in Frameworks */ = {isa = PBXBuildFile; fileRef = 2511C199703203A25FE271CC /* Pods_CrewardsTests.framework */; };
		6426FCE6BAD75CA622D50E54 /* Pods_Crewards_CrewardsUITests.framework in Frameworks */ = {isa = PBXBuildFile; fileRef = 11B239529A61A407A33E9205 /* Pods_Crewards_CrewardsUITests.framework */; };
/* End PBXBuildFile section */

/* Begin PBXContainerItemProxy section */
		14A8D91B24C701FB007CD350 /* PBXContainerItemProxy */ = {
			isa = PBXContainerItemProxy;
			containerPortal = 14A8D8F924C701F9007CD350 /* Project object */;
			proxyType = 1;
			remoteGlobalIDString = 14A8D90024C701F9007CD350;
			remoteInfo = Crewards;
		};
		14A8D92624C701FB007CD350 /* PBXContainerItemProxy */ = {
			isa = PBXContainerItemProxy;
			containerPortal = 14A8D8F924C701F9007CD350 /* Project object */;
			proxyType = 1;
			remoteGlobalIDString = 14A8D90024C701F9007CD350;
			remoteInfo = Crewards;
		};
/* End PBXContainerItemProxy section */

/* Begin PBXFileReference section */
		09A9968E4488D3BBF77C9F5A /* Pods-Crewards-CrewardsUITests.release.xcconfig */ = {isa = PBXFileReference; includeInIndex = 1; lastKnownFileType = text.xcconfig; name = "Pods-Crewards-CrewardsUITests.release.xcconfig"; path = "Target Support Files/Pods-Crewards-CrewardsUITests/Pods-Crewards-CrewardsUITests.release.xcconfig"; sourceTree = "<group>"; };
		11B239529A61A407A33E9205 /* Pods_Crewards_CrewardsUITests.framework */ = {isa = PBXFileReference; explicitFileType = wrapper.framework; includeInIndex = 0; path = Pods_Crewards_CrewardsUITests.framework; sourceTree = BUILT_PRODUCTS_DIR; };
		141E377224C75F0C00B7B4B6 /* CCData.swift */ = {isa = PBXFileReference; lastKnownFileType = sourcecode.swift; path = CCData.swift; sourceTree = "<group>"; };
		144BDA8D24D30F4200FF9085 /* CardModels.swift */ = {isa = PBXFileReference; lastKnownFileType = sourcecode.swift; path = CardModels.swift; sourceTree = "<group>"; };
		144BDA9224D5752300FF9085 /* Color+Ext.swift */ = {isa = PBXFileReference; lastKnownFileType = sourcecode.swift; path = "Color+Ext.swift"; sourceTree = "<group>"; };
		145002B124CADD16008C9A8E /* NumberTextFieldViewModel.swift */ = {isa = PBXFileReference; lastKnownFileType = sourcecode.swift; path = NumberTextFieldViewModel.swift; sourceTree = "<group>"; };
		145002B324CAE4F3008C9A8E /* TextEditor.swift */ = {isa = PBXFileReference; lastKnownFileType = sourcecode.swift; path = TextEditor.swift; sourceTree = "<group>"; };
		145002BD24CDCB34008C9A8E /* CardView.swift */ = {isa = PBXFileReference; fileEncoding = 4; lastKnownFileType = sourcecode.swift; path = CardView.swift; sourceTree = "<group>"; };
		145002BF24CDD4B1008C9A8E /* HomeView.swift */ = {isa = PBXFileReference; lastKnownFileType = sourcecode.swift; path = HomeView.swift; sourceTree = "<group>"; };
		145002D224CDDBCB008C9A8E /* CardsList.swift */ = {isa = PBXFileReference; lastKnownFileType = sourcecode.swift; path = CardsList.swift; sourceTree = "<group>"; };
		147D3D6B24D2D25200DAFF48 /* Collection+Ext.swift */ = {isa = PBXFileReference; lastKnownFileType = sourcecode.swift; path = "Collection+Ext.swift"; sourceTree = "<group>"; };
		148A3F8424DC790E004110BA /* SortFilterData.swift */ = {isa = PBXFileReference; lastKnownFileType = sourcecode.swift; path = SortFilterData.swift; sourceTree = "<group>"; };
		149840BA24E15D1F00033EB4 /* SortFilterView.swift */ = {isa = PBXFileReference; lastKnownFileType = sourcecode.swift; path = SortFilterView.swift; sourceTree = "<group>"; };
		14A768E224C8809200D737D7 /* SessionInfo.swift */ = {isa = PBXFileReference; fileEncoding = 4; lastKnownFileType = sourcecode.swift; path = SessionInfo.swift; sourceTree = "<group>"; };
		14A768E624C880A500D737D7 /* InlineAlert.swift */ = {isa = PBXFileReference; fileEncoding = 4; lastKnownFileType = sourcecode.swift; path = InlineAlert.swift; sourceTree = "<group>"; };
		14A768E824C880AB00D737D7 /* Session.swift */ = {isa = PBXFileReference; fileEncoding = 4; lastKnownFileType = sourcecode.swift; path = Session.swift; sourceTree = "<group>"; };
		14A768EA24C880B200D737D7 /* CustomButton.swift */ = {isa = PBXFileReference; fileEncoding = 4; lastKnownFileType = sourcecode.swift; path = CustomButton.swift; sourceTree = "<group>"; };
		14A768EC24C880B700D737D7 /* CustomInput.swift */ = {isa = PBXFileReference; fileEncoding = 4; lastKnownFileType = sourcecode.swift; path = CustomInput.swift; sourceTree = "<group>"; };
		14A768EE24C8813100D737D7 /* AppView.swift */ = {isa = PBXFileReference; fileEncoding = 4; lastKnownFileType = sourcecode.swift; path = AppView.swift; sourceTree = "<group>"; };
		14A768F024C881E800D737D7 /* RecipeStore.swift */ = {isa = PBXFileReference; fileEncoding = 4; lastKnownFileType = sourcecode.swift; path = RecipeStore.swift; sourceTree = "<group>"; };
		14A768F224C887B800D737D7 /* PhoneSignInView.swift */ = {isa = PBXFileReference; lastKnownFileType = sourcecode.swift; path = PhoneSignInView.swift; sourceTree = "<group>"; };
		14A768F624C8CAC400D737D7 /* System.swift */ = {isa = PBXFileReference; fileEncoding = 4; lastKnownFileType = sourcecode.swift; path = System.swift; sourceTree = "<group>"; };
		14A768F724C8CAC400D737D7 /* Feedback.swift */ = {isa = PBXFileReference; fileEncoding = 4; lastKnownFileType = sourcecode.swift; path = Feedback.swift; sourceTree = "<group>"; };
		14A768FA24C9748600D737D7 /* UIResponder+Current.swift */ = {isa = PBXFileReference; fileEncoding = 4; lastKnownFileType = sourcecode.swift; path = "UIResponder+Current.swift"; sourceTree = "<group>"; };
		14A768FB24C9748600D737D7 /* KeyboardHeightPublisher.swift */ = {isa = PBXFileReference; fileEncoding = 4; lastKnownFileType = sourcecode.swift; path = KeyboardHeightPublisher.swift; sourceTree = "<group>"; };
		14A768FC24C9748700D737D7 /* KeyboardAdaptive.swift */ = {isa = PBXFileReference; fileEncoding = 4; lastKnownFileType = sourcecode.swift; path = KeyboardAdaptive.swift; sourceTree = "<group>"; };
		14A7690324C99D2F00D737D7 /* Spinner.swift */ = {isa = PBXFileReference; fileEncoding = 4; lastKnownFileType = sourcecode.swift; path = Spinner.swift; sourceTree = "<group>"; };
		14A7690524C99D2F00D737D7 /* ImageCache.swift */ = {isa = PBXFileReference; fileEncoding = 4; lastKnownFileType = sourcecode.swift; path = ImageCache.swift; sourceTree = "<group>"; };
		14A7690624C99D2F00D737D7 /* ImageLoader.swift */ = {isa = PBXFileReference; fileEncoding = 4; lastKnownFileType = sourcecode.swift; path = ImageLoader.swift; sourceTree = "<group>"; };
		14A7690724C99D2F00D737D7 /* AsyncImage.swift */ = {isa = PBXFileReference; fileEncoding = 4; lastKnownFileType = sourcecode.swift; path = AsyncImage.swift; sourceTree = "<group>"; };
		14A7690D24C99D9F00D737D7 /* View+Ext.swift */ = {isa = PBXFileReference; fileEncoding = 4; lastKnownFileType = sourcecode.swift; path = "View+Ext.swift"; sourceTree = "<group>"; };
		14A7690F24CAC4F900D737D7 /* GradientButtonStyle.swift */ = {isa = PBXFileReference; lastKnownFileType = sourcecode.swift; path = GradientButtonStyle.swift; sourceTree = "<group>"; };
		14A8D90124C701F9007CD350 /* Crewards.app */ = {isa = PBXFileReference; explicitFileType = wrapper.application; includeInIndex = 0; path = Crewards.app; sourceTree = BUILT_PRODUCTS_DIR; };
		14A8D90424C701F9007CD350 /* AppDelegate.swift */ = {isa = PBXFileReference; lastKnownFileType = sourcecode.swift; path = AppDelegate.swift; sourceTree = "<group>"; };
		14A8D90624C701F9007CD350 /* SceneDelegate.swift */ = {isa = PBXFileReference; lastKnownFileType = sourcecode.swift; path = SceneDelegate.swift; sourceTree = "<group>"; };
		14A8D90924C701F9007CD350 /* Crewards.xcdatamodel */ = {isa = PBXFileReference; lastKnownFileType = wrapper.xcdatamodel; path = Crewards.xcdatamodel; sourceTree = "<group>"; };
		14A8D90B24C701F9007CD350 /* ContentView.swift */ = {isa = PBXFileReference; lastKnownFileType = sourcecode.swift; path = ContentView.swift; sourceTree = "<group>"; };
		14A8D90D24C701FB007CD350 /* Assets.xcassets */ = {isa = PBXFileReference; lastKnownFileType = folder.assetcatalog; path = Assets.xcassets; sourceTree = "<group>"; };
		14A8D91024C701FB007CD350 /* Preview Assets.xcassets */ = {isa = PBXFileReference; lastKnownFileType = folder.assetcatalog; path = "Preview Assets.xcassets"; sourceTree = "<group>"; };
		14A8D91324C701FB007CD350 /* Base */ = {isa = PBXFileReference; lastKnownFileType = file.storyboard; name = Base; path = Base.lproj/LaunchScreen.storyboard; sourceTree = "<group>"; };
		14A8D91524C701FB007CD350 /* Info.plist */ = {isa = PBXFileReference; lastKnownFileType = text.plist.xml; path = Info.plist; sourceTree = "<group>"; };
		14A8D91A24C701FB007CD350 /* CrewardsTests.xctest */ = {isa = PBXFileReference; explicitFileType = wrapper.cfbundle; includeInIndex = 0; path = CrewardsTests.xctest; sourceTree = BUILT_PRODUCTS_DIR; };
		14A8D91E24C701FB007CD350 /* CrewardsTests.swift */ = {isa = PBXFileReference; lastKnownFileType = sourcecode.swift; path = CrewardsTests.swift; sourceTree = "<group>"; };
		14A8D92024C701FB007CD350 /* Info.plist */ = {isa = PBXFileReference; lastKnownFileType = text.plist.xml; path = Info.plist; sourceTree = "<group>"; };
		14A8D92524C701FB007CD350 /* CrewardsUITests.xctest */ = {isa = PBXFileReference; explicitFileType = wrapper.cfbundle; includeInIndex = 0; path = CrewardsUITests.xctest; sourceTree = BUILT_PRODUCTS_DIR; };
		14A8D92924C701FB007CD350 /* CrewardsUITests.swift */ = {isa = PBXFileReference; lastKnownFileType = sourcecode.swift; path = CrewardsUITests.swift; sourceTree = "<group>"; };
		14A8D92B24C701FB007CD350 /* Info.plist */ = {isa = PBXFileReference; lastKnownFileType = text.plist.xml; path = Info.plist; sourceTree = "<group>"; };
		14A8D93724C70220007CD350 /* GoogleService-Info.plist */ = {isa = PBXFileReference; fileEncoding = 4; lastKnownFileType = text.plist.xml; path = "GoogleService-Info.plist"; sourceTree = "<group>"; };
		14A8D93B24C71FD7007CD350 /* Crewards.entitlements */ = {isa = PBXFileReference; lastKnownFileType = text.plist.entitlements; path = Crewards.entitlements; sourceTree = "<group>"; };
		14AF181C24E3CC3000DD47A5 /* ProgressBar.swift */ = {isa = PBXFileReference; lastKnownFileType = sourcecode.swift; path = ProgressBar.swift; sourceTree = "<group>"; };
		14B2209B24D82F65004DC9FB /* SBIPrime.swift */ = {isa = PBXFileReference; lastKnownFileType = sourcecode.swift; path = SBIPrime.swift; sourceTree = "<group>"; };
		14B2209D24D83033004DC9FB /* HDFCInfinia.swift */ = {isa = PBXFileReference; lastKnownFileType = sourcecode.swift; path = HDFCInfinia.swift; sourceTree = "<group>"; };
		14B2209F24D83075004DC9FB /* HDFCRegalia.swift */ = {isa = PBXFileReference; lastKnownFileType = sourcecode.swift; path = HDFCRegalia.swift; sourceTree = "<group>"; };
		14B220A124D83181004DC9FB /* ICICIEmeralde.swift */ = {isa = PBXFileReference; lastKnownFileType = sourcecode.swift; path = ICICIEmeralde.swift; sourceTree = "<group>"; };
		14BC5AC424D99426008FC263 /* CitiPremier.swift */ = {isa = PBXFileReference; fileEncoding = 4; lastKnownFileType = sourcecode.swift; path = CitiPremier.swift; sourceTree = "<group>"; };
		14BC5AC524D99426008FC263 /* SBIElite.swift */ = {isa = PBXFileReference; fileEncoding = 4; lastKnownFileType = sourcecode.swift; path = SBIElite.swift; sourceTree = "<group>"; };
		14BC5AC624D99426008FC263 /* HDFCDinersBlack.swift */ = {isa = PBXFileReference; fileEncoding = 4; lastKnownFileType = sourcecode.swift; path = HDFCDinersBlack.swift; sourceTree = "<group>"; };
		14BC5AC724D99426008FC263 /* HSBCPlatinum.swift */ = {isa = PBXFileReference; fileEncoding = 4; lastKnownFileType = sourcecode.swift; path = HSBCPlatinum.swift; sourceTree = "<group>"; };
		14BC5ACC24D9DDCD008FC263 /* DiscoverView.swift */ = {isa = PBXFileReference; lastKnownFileType = sourcecode.swift; path = DiscoverView.swift; sourceTree = "<group>"; };
		14BC5ACE24D9DDF2008FC263 /* OffersView.swift */ = {isa = PBXFileReference; lastKnownFileType = sourcecode.swift; path = OffersView.swift; sourceTree = "<group>"; };
		14BC5AD024D9DE18008FC263 /* MyCardsView.swift */ = {isa = PBXFileReference; lastKnownFileType = sourcecode.swift; path = MyCardsView.swift; sourceTree = "<group>"; };
		14BC5AD224DA932E008FC263 /* ProductCard.swift */ = {isa = PBXFileReference; fileEncoding = 4; lastKnownFileType = sourcecode.swift; path = ProductCard.swift; sourceTree = "<group>"; };
		14D1C69624E4333700604029 /* NoSeparatorList.swift */ = {isa = PBXFileReference; lastKnownFileType = sourcecode.swift; path = NoSeparatorList.swift; sourceTree = "<group>"; };
		18E6440CD71CFFF9D280778E /* Pods-CrewardsTests.release.xcconfig */ = {isa = PBXFileReference; includeInIndex = 1; lastKnownFileType = text.xcconfig; name = "Pods-CrewardsTests.release.xcconfig"; path = "Target Support Files/Pods-CrewardsTests/Pods-CrewardsTests.release.xcconfig"; sourceTree = "<group>"; };
		249799BEDB931FECB4CB2C58 /* Pods-CrewardsTests.debug.xcconfig */ = {isa = PBXFileReference; includeInIndex = 1; lastKnownFileType = text.xcconfig; name = "Pods-CrewardsTests.debug.xcconfig"; path = "Target Support Files/Pods-CrewardsTests/Pods-CrewardsTests.debug.xcconfig"; sourceTree = "<group>"; };
		2511C199703203A25FE271CC /* Pods_CrewardsTests.framework */ = {isa = PBXFileReference; explicitFileType = wrapper.framework; includeInIndex = 0; path = Pods_CrewardsTests.framework; sourceTree = BUILT_PRODUCTS_DIR; };
		2B8169F54FAC19C1A911BB3D /* Pods_Crewards.framework */ = {isa = PBXFileReference; explicitFileType = wrapper.framework; includeInIndex = 0; path = Pods_Crewards.framework; sourceTree = BUILT_PRODUCTS_DIR; };
		3C918B6A59DBDC182921B9EB /* Pods-Crewards.release.xcconfig */ = {isa = PBXFileReference; includeInIndex = 1; lastKnownFileType = text.xcconfig; name = "Pods-Crewards.release.xcconfig"; path = "Target Support Files/Pods-Crewards/Pods-Crewards.release.xcconfig"; sourceTree = "<group>"; };
		ABDEAC6C337241AF35C68B9C /* Pods-Crewards-CrewardsUITests.debug.xcconfig */ = {isa = PBXFileReference; includeInIndex = 1; lastKnownFileType = text.xcconfig; name = "Pods-Crewards-CrewardsUITests.debug.xcconfig"; path = "Target Support Files/Pods-Crewards-CrewardsUITests/Pods-Crewards-CrewardsUITests.debug.xcconfig"; sourceTree = "<group>"; };
		C6D85619595A3E91EB9B4F1A /* Pods-Crewards.debug.xcconfig */ = {isa = PBXFileReference; includeInIndex = 1; lastKnownFileType = text.xcconfig; name = "Pods-Crewards.debug.xcconfig"; path = "Target Support Files/Pods-Crewards/Pods-Crewards.debug.xcconfig"; sourceTree = "<group>"; };
/* End PBXFileReference section */

/* Begin PBXFrameworksBuildPhase section */
		14A8D8FE24C701F9007CD350 /* Frameworks */ = {
			isa = PBXFrameworksBuildPhase;
			buildActionMask = 2147483647;
			files = (
				144BDA9124D48B9D00FF9085 /* SDWebImageSwiftUI in Frameworks */,
				14B220A524D88C53004DC9FB /* SkeletonUI in Frameworks */,
				2657E4D242B51D155D3253F6 /* Pods_Crewards.framework in Frameworks */,
			);
			runOnlyForDeploymentPostprocessing = 0;
		};
		14A8D91724C701FB007CD350 /* Frameworks */ = {
			isa = PBXFrameworksBuildPhase;
			buildActionMask = 2147483647;
			files = (
				299D68FCA929B7698BDA9E11 /* Pods_CrewardsTests.framework in Frameworks */,
			);
			runOnlyForDeploymentPostprocessing = 0;
		};
		14A8D92224C701FB007CD350 /* Frameworks */ = {
			isa = PBXFrameworksBuildPhase;
			buildActionMask = 2147483647;
			files = (
				6426FCE6BAD75CA622D50E54 /* Pods_Crewards_CrewardsUITests.framework in Frameworks */,
			);
			runOnlyForDeploymentPostprocessing = 0;
		};
/* End PBXFrameworksBuildPhase section */

/* Begin PBXGroup section */
		0B210A48A62B7BF9AB6A2A99 /* Pods */ = {
			isa = PBXGroup;
			children = (
				C6D85619595A3E91EB9B4F1A /* Pods-Crewards.debug.xcconfig */,
				3C918B6A59DBDC182921B9EB /* Pods-Crewards.release.xcconfig */,
				ABDEAC6C337241AF35C68B9C /* Pods-Crewards-CrewardsUITests.debug.xcconfig */,
				09A9968E4488D3BBF77C9F5A /* Pods-Crewards-CrewardsUITests.release.xcconfig */,
				249799BEDB931FECB4CB2C58 /* Pods-CrewardsTests.debug.xcconfig */,
				18E6440CD71CFFF9D280778E /* Pods-CrewardsTests.release.xcconfig */,
			);
			path = Pods;
			sourceTree = "<group>";
		};
		119CF0359F1542657C50C077 /* Frameworks */ = {
			isa = PBXGroup;
			children = (
				2B8169F54FAC19C1A911BB3D /* Pods_Crewards.framework */,
				11B239529A61A407A33E9205 /* Pods_Crewards_CrewardsUITests.framework */,
				2511C199703203A25FE271CC /* Pods_CrewardsTests.framework */,
			);
			name = Frameworks;
			sourceTree = "<group>";
		};
		145002B524CB1B02008C9A8E /* ViewModels */ = {
			isa = PBXGroup;
			children = (
				14A768E824C880AB00D737D7 /* Session.swift */,
				14A768F024C881E800D737D7 /* RecipeStore.swift */,
				141E377224C75F0C00B7B4B6 /* CCData.swift */,
			);
			path = ViewModels;
			sourceTree = "<group>";
		};
		145002B624CDCB19008C9A8E /* Models */ = {
			isa = PBXGroup;
			children = (
				144BDA8D24D30F4200FF9085 /* CardModels.swift */,
				148A3F8424DC790E004110BA /* SortFilterData.swift */,
			);
			path = Models;
			sourceTree = "<group>";
		};
		14A768F424C89E1700D737D7 /* auth */ = {
			isa = PBXGroup;
			children = (
				14A768E224C8809200D737D7 /* SessionInfo.swift */,
				14A768F224C887B800D737D7 /* PhoneSignInView.swift */,
			);
			path = auth;
			sourceTree = "<group>";
		};
		14A768F524C8CAC400D737D7 /* Feedback */ = {
			isa = PBXGroup;
			children = (
				14A768F624C8CAC400D737D7 /* System.swift */,
				14A768F724C8CAC400D737D7 /* Feedback.swift */,
			);
			path = Feedback;
			sourceTree = "<group>";
		};
		14A7690224C99D2F00D737D7 /* Controls */ = {
			isa = PBXGroup;
			children = (
				14BC5AD224DA932E008FC263 /* ProductCard.swift */,
				14D1C69624E4333700604029 /* NoSeparatorList.swift */,
				14AF181C24E3CC3000DD47A5 /* ProgressBar.swift */,
				14A7690324C99D2F00D737D7 /* Spinner.swift */,
				14A768EC24C880B700D737D7 /* CustomInput.swift */,
				14A768E624C880A500D737D7 /* InlineAlert.swift */,
				145002BD24CDCB34008C9A8E /* CardView.swift */,
				145002B124CADD16008C9A8E /* NumberTextFieldViewModel.swift */,
				145002B324CAE4F3008C9A8E /* TextEditor.swift */,
				14A768FC24C9748700D737D7 /* KeyboardAdaptive.swift */,
				14A7690F24CAC4F900D737D7 /* GradientButtonStyle.swift */,
				14A768EA24C880B200D737D7 /* CustomButton.swift */,
				14A7690424C99D2F00D737D7 /* AsyncImage */,
			);
			path = Controls;
			sourceTree = "<group>";
		};
		14A7690424C99D2F00D737D7 /* AsyncImage */ = {
			isa = PBXGroup;
			children = (
				14A7690524C99D2F00D737D7 /* ImageCache.swift */,
				14A7690624C99D2F00D737D7 /* ImageLoader.swift */,
				14A7690724C99D2F00D737D7 /* AsyncImage.swift */,
			);
			path = AsyncImage;
			sourceTree = "<group>";
		};
		14A7690C24C99D9F00D737D7 /* Extensions */ = {
			isa = PBXGroup;
			children = (
				14A7690D24C99D9F00D737D7 /* View+Ext.swift */,
				144BDA9224D5752300FF9085 /* Color+Ext.swift */,
				14A768FB24C9748600D737D7 /* KeyboardHeightPublisher.swift */,
				14A768FA24C9748600D737D7 /* UIResponder+Current.swift */,
				147D3D6B24D2D25200DAFF48 /* Collection+Ext.swift */,
			);
			path = Extensions;
			sourceTree = "<group>";
		};
		14A8D8F824C701F9007CD350 = {
			isa = PBXGroup;
			children = (
				14A8D93724C70220007CD350 /* GoogleService-Info.plist */,
				14A8D90324C701F9007CD350 /* Crewards */,
				14A8D91D24C701FB007CD350 /* CrewardsTests */,
				14A8D92824C701FB007CD350 /* CrewardsUITests */,
				14A8D90224C701F9007CD350 /* Products */,
				0B210A48A62B7BF9AB6A2A99 /* Pods */,
				119CF0359F1542657C50C077 /* Frameworks */,
			);
			sourceTree = "<group>";
		};
		14A8D90224C701F9007CD350 /* Products */ = {
			isa = PBXGroup;
			children = (
				14A8D90124C701F9007CD350 /* Crewards.app */,
				14A8D91A24C701FB007CD350 /* CrewardsTests.xctest */,
				14A8D92524C701FB007CD350 /* CrewardsUITests.xctest */,
			);
			name = Products;
			sourceTree = "<group>";
		};
		14A8D90324C701F9007CD350 /* Crewards */ = {
			isa = PBXGroup;
			children = (
				14B2209A24D82F48004DC9FB /* FireStoreData */,
				145002B624CDCB19008C9A8E /* Models */,
				145002B524CB1B02008C9A8E /* ViewModels */,
				14A7690C24C99D9F00D737D7 /* Extensions */,
				14A7690224C99D2F00D737D7 /* Controls */,
				14A768F424C89E1700D737D7 /* auth */,
				14A8D90B24C701F9007CD350 /* ContentView.swift */,
				145002D224CDDBCB008C9A8E /* CardsList.swift */,
				149840BA24E15D1F00033EB4 /* SortFilterView.swift */,
				145002BF24CDD4B1008C9A8E /* HomeView.swift */,
				14BC5ACC24D9DDCD008FC263 /* DiscoverView.swift */,
				14BC5ACE24D9DDF2008FC263 /* OffersView.swift */,
				14BC5AD024D9DE18008FC263 /* MyCardsView.swift */,
				14A768EE24C8813100D737D7 /* AppView.swift */,
				14A8D90424C701F9007CD350 /* AppDelegate.swift */,
				14A8D90624C701F9007CD350 /* SceneDelegate.swift */,
				14A8D93B24C71FD7007CD350 /* Crewards.entitlements */,
				14A768F524C8CAC400D737D7 /* Feedback */,
				14A8D90D24C701FB007CD350 /* Assets.xcassets */,
				14A8D91224C701FB007CD350 /* LaunchScreen.storyboard */,
				14A8D91524C701FB007CD350 /* Info.plist */,
				14A8D90824C701F9007CD350 /* Crewards.xcdatamodeld */,
				14A8D90F24C701FB007CD350 /* Preview Content */,
			);
			path = Crewards;
			sourceTree = "<group>";
		};
		14A8D90F24C701FB007CD350 /* Preview Content */ = {
			isa = PBXGroup;
			children = (
				14A8D91024C701FB007CD350 /* Preview Assets.xcassets */,
			);
			path = "Preview Content";
			sourceTree = "<group>";
		};
		14A8D91D24C701FB007CD350 /* CrewardsTests */ = {
			isa = PBXGroup;
			children = (
				14A8D91E24C701FB007CD350 /* CrewardsTests.swift */,
				14A8D92024C701FB007CD350 /* Info.plist */,
			);
			path = CrewardsTests;
			sourceTree = "<group>";
		};
		14A8D92824C701FB007CD350 /* CrewardsUITests */ = {
			isa = PBXGroup;
			children = (
				14A8D92924C701FB007CD350 /* CrewardsUITests.swift */,
				14A8D92B24C701FB007CD350 /* Info.plist */,
			);
			path = CrewardsUITests;
			sourceTree = "<group>";
		};
		14B2209A24D82F48004DC9FB /* FireStoreData */ = {
			isa = PBXGroup;
			children = (
				14B2209B24D82F65004DC9FB /* SBIPrime.swift */,
				14B2209D24D83033004DC9FB /* HDFCInfinia.swift */,
				14B2209F24D83075004DC9FB /* HDFCRegalia.swift */,
				14BC5AC424D99426008FC263 /* CitiPremier.swift */,
				14BC5AC624D99426008FC263 /* HDFCDinersBlack.swift */,
				14BC5AC724D99426008FC263 /* HSBCPlatinum.swift */,
				14BC5AC524D99426008FC263 /* SBIElite.swift */,
				14B220A124D83181004DC9FB /* ICICIEmeralde.swift */,
			);
			path = FireStoreData;
			sourceTree = "<group>";
		};
/* End PBXGroup section */

/* Begin PBXNativeTarget section */
		14A8D90024C701F9007CD350 /* Crewards */ = {
			isa = PBXNativeTarget;
			buildConfigurationList = 14A8D92E24C701FB007CD350 /* Build configuration list for PBXNativeTarget "Crewards" */;
			buildPhases = (
				3C3F28443DDF9DD504217212 /* [CP] Check Pods Manifest.lock */,
				14A8D8FD24C701F9007CD350 /* Sources */,
				14A8D8FE24C701F9007CD350 /* Frameworks */,
				14A8D8FF24C701F9007CD350 /* Resources */,
				2DB73741BAADC341FE4893BC /* [CP] Embed Pods Frameworks */,
			);
			buildRules = (
			);
			dependencies = (
			);
			name = Crewards;
			packageProductDependencies = (
				144BDA9024D48B9D00FF9085 /* SDWebImageSwiftUI */,
				14B220A424D88C53004DC9FB /* SkeletonUI */,
			);
			productName = Crewards;
			productReference = 14A8D90124C701F9007CD350 /* Crewards.app */;
			productType = "com.apple.product-type.application";
		};
		14A8D91924C701FB007CD350 /* CrewardsTests */ = {
			isa = PBXNativeTarget;
			buildConfigurationList = 14A8D93124C701FB007CD350 /* Build configuration list for PBXNativeTarget "CrewardsTests" */;
			buildPhases = (
				35F594FFF558CC3E6CCA2229 /* [CP] Check Pods Manifest.lock */,
				14A8D91624C701FB007CD350 /* Sources */,
				14A8D91724C701FB007CD350 /* Frameworks */,
				14A8D91824C701FB007CD350 /* Resources */,
			);
			buildRules = (
			);
			dependencies = (
				14A8D91C24C701FB007CD350 /* PBXTargetDependency */,
			);
			name = CrewardsTests;
			productName = CrewardsTests;
			productReference = 14A8D91A24C701FB007CD350 /* CrewardsTests.xctest */;
			productType = "com.apple.product-type.bundle.unit-test";
		};
		14A8D92424C701FB007CD350 /* CrewardsUITests */ = {
			isa = PBXNativeTarget;
			buildConfigurationList = 14A8D93424C701FB007CD350 /* Build configuration list for PBXNativeTarget "CrewardsUITests" */;
			buildPhases = (
				16E695782548813BE9082B18 /* [CP] Check Pods Manifest.lock */,
				14A8D92124C701FB007CD350 /* Sources */,
				14A8D92224C701FB007CD350 /* Frameworks */,
				14A8D92324C701FB007CD350 /* Resources */,
				ECB334A57AEA42C4B1C9C7B5 /* [CP] Embed Pods Frameworks */,
			);
			buildRules = (
			);
			dependencies = (
				14A8D92724C701FB007CD350 /* PBXTargetDependency */,
			);
			name = CrewardsUITests;
			productName = CrewardsUITests;
			productReference = 14A8D92524C701FB007CD350 /* CrewardsUITests.xctest */;
			productType = "com.apple.product-type.bundle.ui-testing";
		};
/* End PBXNativeTarget section */

/* Begin PBXProject section */
		14A8D8F924C701F9007CD350 /* Project object */ = {
			isa = PBXProject;
			attributes = {
				LastSwiftUpdateCheck = 1200;
				LastUpgradeCheck = 1200;
				TargetAttributes = {
					14A8D90024C701F9007CD350 = {
						CreatedOnToolsVersion = 12.0;
					};
					14A8D91924C701FB007CD350 = {
						CreatedOnToolsVersion = 12.0;
						TestTargetID = 14A8D90024C701F9007CD350;
					};
					14A8D92424C701FB007CD350 = {
						CreatedOnToolsVersion = 12.0;
						TestTargetID = 14A8D90024C701F9007CD350;
					};
				};
			};
			buildConfigurationList = 14A8D8FC24C701F9007CD350 /* Build configuration list for PBXProject "Crewards" */;
			compatibilityVersion = "Xcode 9.3";
			developmentRegion = en;
			hasScannedForEncodings = 0;
			knownRegions = (
				en,
				Base,
			);
			mainGroup = 14A8D8F824C701F9007CD350;
			packageReferences = (
				144BDA8F24D48B9D00FF9085 /* XCRemoteSwiftPackageReference "SDWebImageSwiftUI" */,
				14B220A324D88C53004DC9FB /* XCRemoteSwiftPackageReference "SkeletonUI" */,
			);
			productRefGroup = 14A8D90224C701F9007CD350 /* Products */;
			projectDirPath = "";
			projectRoot = "";
			targets = (
				14A8D90024C701F9007CD350 /* Crewards */,
				14A8D91924C701FB007CD350 /* CrewardsTests */,
				14A8D92424C701FB007CD350 /* CrewardsUITests */,
			);
		};
/* End PBXProject section */

/* Begin PBXResourcesBuildPhase section */
		14A8D8FF24C701F9007CD350 /* Resources */ = {
			isa = PBXResourcesBuildPhase;
			buildActionMask = 2147483647;
			files = (
				14A8D91424C701FB007CD350 /* LaunchScreen.storyboard in Resources */,
				14A8D91124C701FB007CD350 /* Preview Assets.xcassets in Resources */,
				14A8D90E24C701FB007CD350 /* Assets.xcassets in Resources */,
				14A8D93824C70220007CD350 /* GoogleService-Info.plist in Resources */,
			);
			runOnlyForDeploymentPostprocessing = 0;
		};
		14A8D91824C701FB007CD350 /* Resources */ = {
			isa = PBXResourcesBuildPhase;
			buildActionMask = 2147483647;
			files = (
			);
			runOnlyForDeploymentPostprocessing = 0;
		};
		14A8D92324C701FB007CD350 /* Resources */ = {
			isa = PBXResourcesBuildPhase;
			buildActionMask = 2147483647;
			files = (
			);
			runOnlyForDeploymentPostprocessing = 0;
		};
/* End PBXResourcesBuildPhase section */

/* Begin PBXShellScriptBuildPhase section */
		16E695782548813BE9082B18 /* [CP] Check Pods Manifest.lock */ = {
			isa = PBXShellScriptBuildPhase;
			buildActionMask = 2147483647;
			files = (
			);
			inputFileListPaths = (
			);
			inputPaths = (
				"${PODS_PODFILE_DIR_PATH}/Podfile.lock",
				"${PODS_ROOT}/Manifest.lock",
			);
			name = "[CP] Check Pods Manifest.lock";
			outputFileListPaths = (
			);
			outputPaths = (
				"$(DERIVED_FILE_DIR)/Pods-Crewards-CrewardsUITests-checkManifestLockResult.txt",
			);
			runOnlyForDeploymentPostprocessing = 0;
			shellPath = /bin/sh;
			shellScript = "diff \"${PODS_PODFILE_DIR_PATH}/Podfile.lock\" \"${PODS_ROOT}/Manifest.lock\" > /dev/null\nif [ $? != 0 ] ; then\n    # print error to STDERR\n    echo \"error: The sandbox is not in sync with the Podfile.lock. Run 'pod install' or update your CocoaPods installation.\" >&2\n    exit 1\nfi\n# This output is used by Xcode 'outputs' to avoid re-running this script phase.\necho \"SUCCESS\" > \"${SCRIPT_OUTPUT_FILE_0}\"\n";
			showEnvVarsInLog = 0;
		};
		2DB73741BAADC341FE4893BC /* [CP] Embed Pods Frameworks */ = {
			isa = PBXShellScriptBuildPhase;
			buildActionMask = 2147483647;
			files = (
			);
			inputFileListPaths = (
				"${PODS_ROOT}/Target Support Files/Pods-Crewards/Pods-Crewards-frameworks-${CONFIGURATION}-input-files.xcfilelist",
			);
			name = "[CP] Embed Pods Frameworks";
			outputFileListPaths = (
				"${PODS_ROOT}/Target Support Files/Pods-Crewards/Pods-Crewards-frameworks-${CONFIGURATION}-output-files.xcfilelist",
			);
			runOnlyForDeploymentPostprocessing = 0;
			shellPath = /bin/sh;
			shellScript = "\"${PODS_ROOT}/Target Support Files/Pods-Crewards/Pods-Crewards-frameworks.sh\"\n";
			showEnvVarsInLog = 0;
		};
		35F594FFF558CC3E6CCA2229 /* [CP] Check Pods Manifest.lock */ = {
			isa = PBXShellScriptBuildPhase;
			buildActionMask = 2147483647;
			files = (
			);
			inputFileListPaths = (
			);
			inputPaths = (
				"${PODS_PODFILE_DIR_PATH}/Podfile.lock",
				"${PODS_ROOT}/Manifest.lock",
			);
			name = "[CP] Check Pods Manifest.lock";
			outputFileListPaths = (
			);
			outputPaths = (
				"$(DERIVED_FILE_DIR)/Pods-CrewardsTests-checkManifestLockResult.txt",
			);
			runOnlyForDeploymentPostprocessing = 0;
			shellPath = /bin/sh;
			shellScript = "diff \"${PODS_PODFILE_DIR_PATH}/Podfile.lock\" \"${PODS_ROOT}/Manifest.lock\" > /dev/null\nif [ $? != 0 ] ; then\n    # print error to STDERR\n    echo \"error: The sandbox is not in sync with the Podfile.lock. Run 'pod install' or update your CocoaPods installation.\" >&2\n    exit 1\nfi\n# This output is used by Xcode 'outputs' to avoid re-running this script phase.\necho \"SUCCESS\" > \"${SCRIPT_OUTPUT_FILE_0}\"\n";
			showEnvVarsInLog = 0;
		};
		3C3F28443DDF9DD504217212 /* [CP] Check Pods Manifest.lock */ = {
			isa = PBXShellScriptBuildPhase;
			buildActionMask = 2147483647;
			files = (
			);
			inputFileListPaths = (
			);
			inputPaths = (
				"${PODS_PODFILE_DIR_PATH}/Podfile.lock",
				"${PODS_ROOT}/Manifest.lock",
			);
			name = "[CP] Check Pods Manifest.lock";
			outputFileListPaths = (
			);
			outputPaths = (
				"$(DERIVED_FILE_DIR)/Pods-Crewards-checkManifestLockResult.txt",
			);
			runOnlyForDeploymentPostprocessing = 0;
			shellPath = /bin/sh;
			shellScript = "diff \"${PODS_PODFILE_DIR_PATH}/Podfile.lock\" \"${PODS_ROOT}/Manifest.lock\" > /dev/null\nif [ $? != 0 ] ; then\n    # print error to STDERR\n    echo \"error: The sandbox is not in sync with the Podfile.lock. Run 'pod install' or update your CocoaPods installation.\" >&2\n    exit 1\nfi\n# This output is used by Xcode 'outputs' to avoid re-running this script phase.\necho \"SUCCESS\" > \"${SCRIPT_OUTPUT_FILE_0}\"\n";
			showEnvVarsInLog = 0;
		};
		ECB334A57AEA42C4B1C9C7B5 /* [CP] Embed Pods Frameworks */ = {
			isa = PBXShellScriptBuildPhase;
			buildActionMask = 2147483647;
			files = (
			);
			inputFileListPaths = (
				"${PODS_ROOT}/Target Support Files/Pods-Crewards-CrewardsUITests/Pods-Crewards-CrewardsUITests-frameworks-${CONFIGURATION}-input-files.xcfilelist",
			);
			name = "[CP] Embed Pods Frameworks";
			outputFileListPaths = (
				"${PODS_ROOT}/Target Support Files/Pods-Crewards-CrewardsUITests/Pods-Crewards-CrewardsUITests-frameworks-${CONFIGURATION}-output-files.xcfilelist",
			);
			runOnlyForDeploymentPostprocessing = 0;
			shellPath = /bin/sh;
			shellScript = "\"${PODS_ROOT}/Target Support Files/Pods-Crewards-CrewardsUITests/Pods-Crewards-CrewardsUITests-frameworks.sh\"\n";
			showEnvVarsInLog = 0;
		};
/* End PBXShellScriptBuildPhase section */

/* Begin PBXSourcesBuildPhase section */
		14A8D8FD24C701F9007CD350 /* Sources */ = {
			isa = PBXSourcesBuildPhase;
			buildActionMask = 2147483647;
			files = (
				14BC5AC924D99426008FC263 /* SBIElite.swift in Sources */,
				14A768F924C8CAC400D737D7 /* Feedback.swift in Sources */,
				144BDA8E24D30F4200FF9085 /* CardModels.swift in Sources */,
				145002B224CADD16008C9A8E /* NumberTextFieldViewModel.swift in Sources */,
				14A768E724C880A500D737D7 /* InlineAlert.swift in Sources */,
				14A768F824C8CAC400D737D7 /* System.swift in Sources */,
				145002BE24CDCB34008C9A8E /* CardView.swift in Sources */,
				14BC5AC824D99426008FC263 /* CitiPremier.swift in Sources */,
				14A768FD24C9748700D737D7 /* UIResponder+Current.swift in Sources */,
				14A7691024CAC4F900D737D7 /* GradientButtonStyle.swift in Sources */,
				14A7690B24C99D2F00D737D7 /* AsyncImage.swift in Sources */,
				14A768F324C887B800D737D7 /* PhoneSignInView.swift in Sources */,
				14A8D90524C701F9007CD350 /* AppDelegate.swift in Sources */,
				14A8D90724C701F9007CD350 /* SceneDelegate.swift in Sources */,
				14AF181D24E3CC3000DD47A5 /* ProgressBar.swift in Sources */,
				14A768E324C8809200D737D7 /* SessionInfo.swift in Sources */,
				14BC5ACF24D9DDF2008FC263 /* OffersView.swift in Sources */,
				14A7690824C99D2F00D737D7 /* Spinner.swift in Sources */,
				14A768E924C880AB00D737D7 /* Session.swift in Sources */,
				145002B424CAE4F3008C9A8E /* TextEditor.swift in Sources */,
				14BC5ACD24D9DDCD008FC263 /* DiscoverView.swift in Sources */,
				145002C024CDD4B1008C9A8E /* HomeView.swift in Sources */,
				14A768ED24C880B700D737D7 /* CustomInput.swift in Sources */,
				14A7690A24C99D2F00D737D7 /* ImageLoader.swift in Sources */,
				14B2209E24D83033004DC9FB /* HDFCInfinia.swift in Sources */,
				145002D324CDDBCB008C9A8E /* CardsList.swift in Sources */,
				14BC5ACB24D99426008FC263 /* HSBCPlatinum.swift in Sources */,
				14A768FE24C9748700D737D7 /* KeyboardHeightPublisher.swift in Sources */,
				14BC5ACA24D99426008FC263 /* HDFCDinersBlack.swift in Sources */,
				149840BB24E15D1F00033EB4 /* SortFilterView.swift in Sources */,
				14A7690924C99D2F00D737D7 /* ImageCache.swift in Sources */,
				14A768EB24C880B200D737D7 /* CustomButton.swift in Sources */,
				14B2209C24D82F66004DC9FB /* SBIPrime.swift in Sources */,
				14B220A024D83075004DC9FB /* HDFCRegalia.swift in Sources */,
				14A768EF24C8813100D737D7 /* AppView.swift in Sources */,
				14B220A224D83181004DC9FB /* ICICIEmeralde.swift in Sources */,
				14A8D90C24C701F9007CD350 /* ContentView.swift in Sources */,
				147D3D6C24D2D25200DAFF48 /* Collection+Ext.swift in Sources */,
				148A3F8524DC790F004110BA /* SortFilterData.swift in Sources */,
				14A8D90A24C701F9007CD350 /* Crewards.xcdatamodeld in Sources */,
				144BDA9324D5752300FF9085 /* Color+Ext.swift in Sources */,
				14A768FF24C9748700D737D7 /* KeyboardAdaptive.swift in Sources */,
				14D1C69724E4333700604029 /* NoSeparatorList.swift in Sources */,
				141E377324C75F0C00B7B4B6 /* CCData.swift in Sources */,
				14BC5AD124D9DE18008FC263 /* MyCardsView.swift in Sources */,
				14A7690E24C99D9F00D737D7 /* View+Ext.swift in Sources */,
				14A768F124C881E800D737D7 /* RecipeStore.swift in Sources */,
				14BC5AD324DA932E008FC263 /* ProductCard.swift in Sources */,
			);
			runOnlyForDeploymentPostprocessing = 0;
		};
		14A8D91624C701FB007CD350 /* Sources */ = {
			isa = PBXSourcesBuildPhase;
			buildActionMask = 2147483647;
			files = (
				14A8D91F24C701FB007CD350 /* CrewardsTests.swift in Sources */,
				141E377424C75F0C00B7B4B6 /* CCData.swift in Sources */,
			);
			runOnlyForDeploymentPostprocessing = 0;
		};
		14A8D92124C701FB007CD350 /* Sources */ = {
			isa = PBXSourcesBuildPhase;
			buildActionMask = 2147483647;
			files = (
				14A8D92A24C701FB007CD350 /* CrewardsUITests.swift in Sources */,
				141E377524C75F0C00B7B4B6 /* CCData.swift in Sources */,
			);
			runOnlyForDeploymentPostprocessing = 0;
		};
/* End PBXSourcesBuildPhase section */

/* Begin PBXTargetDependency section */
		14A8D91C24C701FB007CD350 /* PBXTargetDependency */ = {
			isa = PBXTargetDependency;
			target = 14A8D90024C701F9007CD350 /* Crewards */;
			targetProxy = 14A8D91B24C701FB007CD350 /* PBXContainerItemProxy */;
		};
		14A8D92724C701FB007CD350 /* PBXTargetDependency */ = {
			isa = PBXTargetDependency;
			target = 14A8D90024C701F9007CD350 /* Crewards */;
			targetProxy = 14A8D92624C701FB007CD350 /* PBXContainerItemProxy */;
		};
/* End PBXTargetDependency section */

/* Begin PBXVariantGroup section */
		14A8D91224C701FB007CD350 /* LaunchScreen.storyboard */ = {
			isa = PBXVariantGroup;
			children = (
				14A8D91324C701FB007CD350 /* Base */,
			);
			name = LaunchScreen.storyboard;
			sourceTree = "<group>";
		};
/* End PBXVariantGroup section */

/* Begin XCBuildConfiguration section */
		14A8D92C24C701FB007CD350 /* Debug */ = {
			isa = XCBuildConfiguration;
			buildSettings = {
				ALWAYS_SEARCH_USER_PATHS = NO;
				CLANG_ANALYZER_NONNULL = YES;
				CLANG_ANALYZER_NUMBER_OBJECT_CONVERSION = YES_AGGRESSIVE;
				CLANG_CXX_LANGUAGE_STANDARD = "gnu++14";
				CLANG_CXX_LIBRARY = "libc++";
				CLANG_ENABLE_MODULES = YES;
				CLANG_ENABLE_OBJC_ARC = YES;
				CLANG_ENABLE_OBJC_WEAK = YES;
				CLANG_WARN_BLOCK_CAPTURE_AUTORELEASING = YES;
				CLANG_WARN_BOOL_CONVERSION = YES;
				CLANG_WARN_COMMA = YES;
				CLANG_WARN_CONSTANT_CONVERSION = YES;
				CLANG_WARN_DEPRECATED_OBJC_IMPLEMENTATIONS = YES;
				CLANG_WARN_DIRECT_OBJC_ISA_USAGE = YES_ERROR;
				CLANG_WARN_DOCUMENTATION_COMMENTS = YES;
				CLANG_WARN_EMPTY_BODY = YES;
				CLANG_WARN_ENUM_CONVERSION = YES;
				CLANG_WARN_INFINITE_RECURSION = YES;
				CLANG_WARN_INT_CONVERSION = YES;
				CLANG_WARN_NON_LITERAL_NULL_CONVERSION = YES;
				CLANG_WARN_OBJC_IMPLICIT_RETAIN_SELF = YES;
				CLANG_WARN_OBJC_LITERAL_CONVERSION = YES;
				CLANG_WARN_OBJC_ROOT_CLASS = YES_ERROR;
				CLANG_WARN_QUOTED_INCLUDE_IN_FRAMEWORK_HEADER = YES;
				CLANG_WARN_RANGE_LOOP_ANALYSIS = YES;
				CLANG_WARN_STRICT_PROTOTYPES = YES;
				CLANG_WARN_SUSPICIOUS_MOVE = YES;
				CLANG_WARN_UNGUARDED_AVAILABILITY = YES_AGGRESSIVE;
				CLANG_WARN_UNREACHABLE_CODE = YES;
				CLANG_WARN__DUPLICATE_METHOD_MATCH = YES;
				COPY_PHASE_STRIP = NO;
				DEBUG_INFORMATION_FORMAT = dwarf;
				ENABLE_STRICT_OBJC_MSGSEND = YES;
				ENABLE_TESTABILITY = YES;
				GCC_C_LANGUAGE_STANDARD = gnu11;
				GCC_DYNAMIC_NO_PIC = NO;
				GCC_NO_COMMON_BLOCKS = YES;
				GCC_OPTIMIZATION_LEVEL = 0;
				GCC_PREPROCESSOR_DEFINITIONS = (
					"DEBUG=1",
					"$(inherited)",
				);
				GCC_WARN_64_TO_32_BIT_CONVERSION = YES;
				GCC_WARN_ABOUT_RETURN_TYPE = YES_ERROR;
				GCC_WARN_UNDECLARED_SELECTOR = YES;
				GCC_WARN_UNINITIALIZED_AUTOS = YES_AGGRESSIVE;
				GCC_WARN_UNUSED_FUNCTION = YES;
				GCC_WARN_UNUSED_VARIABLE = YES;
				IPHONEOS_DEPLOYMENT_TARGET = 14.0;
				MTL_ENABLE_DEBUG_INFO = INCLUDE_SOURCE;
				MTL_FAST_MATH = YES;
				ONLY_ACTIVE_ARCH = YES;
				SDKROOT = iphoneos;
				SWIFT_ACTIVE_COMPILATION_CONDITIONS = DEBUG;
				SWIFT_OPTIMIZATION_LEVEL = "-Onone";
			};
			name = Debug;
		};
		14A8D92D24C701FB007CD350 /* Release */ = {
			isa = XCBuildConfiguration;
			buildSettings = {
				ALWAYS_SEARCH_USER_PATHS = NO;
				CLANG_ANALYZER_NONNULL = YES;
				CLANG_ANALYZER_NUMBER_OBJECT_CONVERSION = YES_AGGRESSIVE;
				CLANG_CXX_LANGUAGE_STANDARD = "gnu++14";
				CLANG_CXX_LIBRARY = "libc++";
				CLANG_ENABLE_MODULES = YES;
				CLANG_ENABLE_OBJC_ARC = YES;
				CLANG_ENABLE_OBJC_WEAK = YES;
				CLANG_WARN_BLOCK_CAPTURE_AUTORELEASING = YES;
				CLANG_WARN_BOOL_CONVERSION = YES;
				CLANG_WARN_COMMA = YES;
				CLANG_WARN_CONSTANT_CONVERSION = YES;
				CLANG_WARN_DEPRECATED_OBJC_IMPLEMENTATIONS = YES;
				CLANG_WARN_DIRECT_OBJC_ISA_USAGE = YES_ERROR;
				CLANG_WARN_DOCUMENTATION_COMMENTS = YES;
				CLANG_WARN_EMPTY_BODY = YES;
				CLANG_WARN_ENUM_CONVERSION = YES;
				CLANG_WARN_INFINITE_RECURSION = YES;
				CLANG_WARN_INT_CONVERSION = YES;
				CLANG_WARN_NON_LITERAL_NULL_CONVERSION = YES;
				CLANG_WARN_OBJC_IMPLICIT_RETAIN_SELF = YES;
				CLANG_WARN_OBJC_LITERAL_CONVERSION = YES;
				CLANG_WARN_OBJC_ROOT_CLASS = YES_ERROR;
				CLANG_WARN_QUOTED_INCLUDE_IN_FRAMEWORK_HEADER = YES;
				CLANG_WARN_RANGE_LOOP_ANALYSIS = YES;
				CLANG_WARN_STRICT_PROTOTYPES = YES;
				CLANG_WARN_SUSPICIOUS_MOVE = YES;
				CLANG_WARN_UNGUARDED_AVAILABILITY = YES_AGGRESSIVE;
				CLANG_WARN_UNREACHABLE_CODE = YES;
				CLANG_WARN__DUPLICATE_METHOD_MATCH = YES;
				COPY_PHASE_STRIP = NO;
				DEBUG_INFORMATION_FORMAT = "dwarf-with-dsym";
				ENABLE_NS_ASSERTIONS = NO;
				ENABLE_STRICT_OBJC_MSGSEND = YES;
				GCC_C_LANGUAGE_STANDARD = gnu11;
				GCC_NO_COMMON_BLOCKS = YES;
				GCC_WARN_64_TO_32_BIT_CONVERSION = YES;
				GCC_WARN_ABOUT_RETURN_TYPE = YES_ERROR;
				GCC_WARN_UNDECLARED_SELECTOR = YES;
				GCC_WARN_UNINITIALIZED_AUTOS = YES_AGGRESSIVE;
				GCC_WARN_UNUSED_FUNCTION = YES;
				GCC_WARN_UNUSED_VARIABLE = YES;
				IPHONEOS_DEPLOYMENT_TARGET = 14.0;
				MTL_ENABLE_DEBUG_INFO = NO;
				MTL_FAST_MATH = YES;
				SDKROOT = iphoneos;
				SWIFT_COMPILATION_MODE = wholemodule;
				SWIFT_OPTIMIZATION_LEVEL = "-O";
				VALIDATE_PRODUCT = YES;
			};
			name = Release;
		};
		14A8D92F24C701FB007CD350 /* Debug */ = {
			isa = XCBuildConfiguration;
			baseConfigurationReference = C6D85619595A3E91EB9B4F1A /* Pods-Crewards.debug.xcconfig */;
			buildSettings = {
				ASSETCATALOG_COMPILER_APPICON_NAME = AppIcon;
				ASSETCATALOG_COMPILER_GLOBAL_ACCENT_COLOR_NAME = AccentColor;
				CODE_SIGN_ENTITLEMENTS = Crewards/Crewards.entitlements;
				CODE_SIGN_IDENTITY = "iPhone Developer";
				CODE_SIGN_STYLE = Manual;
				DEVELOPMENT_ASSET_PATHS = "\"Crewards/Preview Content\"";
				DEVELOPMENT_TEAM = YP7P672VJ8;
				ENABLE_PREVIEWS = YES;
				INFOPLIST_FILE = Crewards/Info.plist;
				IPHONEOS_DEPLOYMENT_TARGET = 13.0;
				LD_RUNPATH_SEARCH_PATHS = (
					"$(inherited)",
					"@executable_path/Frameworks",
				);
				PRODUCT_BUNDLE_IDENTIFIER = com.cisco.swiftui;
				PRODUCT_NAME = "$(TARGET_NAME)";
				PROVISIONING_PROFILE_SPECIFIER = swiftui;
				SWIFT_VERSION = 5.0;
				TARGETED_DEVICE_FAMILY = 1;
			};
			name = Debug;
		};
		14A8D93024C701FB007CD350 /* Release */ = {
			isa = XCBuildConfiguration;
			baseConfigurationReference = 3C918B6A59DBDC182921B9EB /* Pods-Crewards.release.xcconfig */;
			buildSettings = {
				ASSETCATALOG_COMPILER_APPICON_NAME = AppIcon;
				ASSETCATALOG_COMPILER_GLOBAL_ACCENT_COLOR_NAME = AccentColor;
				CODE_SIGN_ENTITLEMENTS = Crewards/Crewards.entitlements;
				CODE_SIGN_IDENTITY = "iPhone Developer";
				CODE_SIGN_STYLE = Manual;
				DEVELOPMENT_ASSET_PATHS = "\"Crewards/Preview Content\"";
				DEVELOPMENT_TEAM = YP7P672VJ8;
				ENABLE_PREVIEWS = YES;
				INFOPLIST_FILE = Crewards/Info.plist;
				IPHONEOS_DEPLOYMENT_TARGET = 13.0;
				LD_RUNPATH_SEARCH_PATHS = (
					"$(inherited)",
					"@executable_path/Frameworks",
				);
				PRODUCT_BUNDLE_IDENTIFIER = com.cisco.swiftui;
				PRODUCT_NAME = "$(TARGET_NAME)";
				PROVISIONING_PROFILE_SPECIFIER = swiftui;
				SWIFT_VERSION = 5.0;
				TARGETED_DEVICE_FAMILY = 1;
			};
			name = Release;
		};
		14A8D93224C701FB007CD350 /* Debug */ = {
			isa = XCBuildConfiguration;
			baseConfigurationReference = 249799BEDB931FECB4CB2C58 /* Pods-CrewardsTests.debug.xcconfig */;
			buildSettings = {
				ALWAYS_EMBED_SWIFT_STANDARD_LIBRARIES = YES;
				BUNDLE_LOADER = "$(TEST_HOST)";
				CODE_SIGN_STYLE = Automatic;
				DEVELOPMENT_TEAM = YP7P672VJ8;
				INFOPLIST_FILE = CrewardsTests/Info.plist;
				IPHONEOS_DEPLOYMENT_TARGET = 14.0;
				LD_RUNPATH_SEARCH_PATHS = (
					"$(inherited)",
					"@executable_path/Frameworks",
					"@loader_path/Frameworks",
				);
				PRODUCT_BUNDLE_IDENTIFIER = com.broadsoft.swiftui.CrewardsTests;
				PRODUCT_NAME = "$(TARGET_NAME)";
				SWIFT_VERSION = 5.0;
				TARGETED_DEVICE_FAMILY = "1,2";
				TEST_HOST = "$(BUILT_PRODUCTS_DIR)/Crewards.app/Crewards";
			};
			name = Debug;
		};
		14A8D93324C701FB007CD350 /* Release */ = {
			isa = XCBuildConfiguration;
			baseConfigurationReference = 18E6440CD71CFFF9D280778E /* Pods-CrewardsTests.release.xcconfig */;
			buildSettings = {
				ALWAYS_EMBED_SWIFT_STANDARD_LIBRARIES = YES;
				BUNDLE_LOADER = "$(TEST_HOST)";
				CODE_SIGN_STYLE = Automatic;
				DEVELOPMENT_TEAM = YP7P672VJ8;
				INFOPLIST_FILE = CrewardsTests/Info.plist;
				IPHONEOS_DEPLOYMENT_TARGET = 14.0;
				LD_RUNPATH_SEARCH_PATHS = (
					"$(inherited)",
					"@executable_path/Frameworks",
					"@loader_path/Frameworks",
				);
				PRODUCT_BUNDLE_IDENTIFIER = com.broadsoft.swiftui.CrewardsTests;
				PRODUCT_NAME = "$(TARGET_NAME)";
				SWIFT_VERSION = 5.0;
				TARGETED_DEVICE_FAMILY = "1,2";
				TEST_HOST = "$(BUILT_PRODUCTS_DIR)/Crewards.app/Crewards";
			};
			name = Release;
		};
		14A8D93524C701FB007CD350 /* Debug */ = {
			isa = XCBuildConfiguration;
			baseConfigurationReference = ABDEAC6C337241AF35C68B9C /* Pods-Crewards-CrewardsUITests.debug.xcconfig */;
			buildSettings = {
				ALWAYS_EMBED_SWIFT_STANDARD_LIBRARIES = YES;
				CODE_SIGN_STYLE = Manual;
				DEVELOPMENT_TEAM = "";
				INFOPLIST_FILE = CrewardsUITests/Info.plist;
				LD_RUNPATH_SEARCH_PATHS = (
					"$(inherited)",
					"@executable_path/Frameworks",
					"@loader_path/Frameworks",
				);
				PRODUCT_BUNDLE_IDENTIFIER = com.broadsoft.swiftui.CrewardsUITests;
				PRODUCT_NAME = "$(TARGET_NAME)";
				PROVISIONING_PROFILE_SPECIFIER = "";
				"PROVISIONING_PROFILE_SPECIFIER[sdk=macosx*]" = "";
				SWIFT_VERSION = 5.0;
				TARGETED_DEVICE_FAMILY = "1,2";
				TEST_TARGET_NAME = Crewards;
			};
			name = Debug;
		};
		14A8D93624C701FB007CD350 /* Release */ = {
			isa = XCBuildConfiguration;
			baseConfigurationReference = 09A9968E4488D3BBF77C9F5A /* Pods-Crewards-CrewardsUITests.release.xcconfig */;
			buildSettings = {
				ALWAYS_EMBED_SWIFT_STANDARD_LIBRARIES = YES;
				CODE_SIGN_STYLE = Manual;
				DEVELOPMENT_TEAM = "";
				INFOPLIST_FILE = CrewardsUITests/Info.plist;
				LD_RUNPATH_SEARCH_PATHS = (
					"$(inherited)",
					"@executable_path/Frameworks",
					"@loader_path/Frameworks",
				);
				PRODUCT_BUNDLE_IDENTIFIER = com.broadsoft.swiftui.CrewardsUITests;
				PRODUCT_NAME = "$(TARGET_NAME)";
				PROVISIONING_PROFILE_SPECIFIER = "";
				"PROVISIONING_PROFILE_SPECIFIER[sdk=macosx*]" = "";
				SWIFT_VERSION = 5.0;
				TARGETED_DEVICE_FAMILY = "1,2";
				TEST_TARGET_NAME = Crewards;
			};
			name = Release;
		};
/* End XCBuildConfiguration section */

/* Begin XCConfigurationList section */
		14A8D8FC24C701F9007CD350 /* Build configuration list for PBXProject "Crewards" */ = {
			isa = XCConfigurationList;
			buildConfigurations = (
				14A8D92C24C701FB007CD350 /* Debug */,
				14A8D92D24C701FB007CD350 /* Release */,
			);
			defaultConfigurationIsVisible = 0;
			defaultConfigurationName = Release;
		};
		14A8D92E24C701FB007CD350 /* Build configuration list for PBXNativeTarget "Crewards" */ = {
			isa = XCConfigurationList;
			buildConfigurations = (
				14A8D92F24C701FB007CD350 /* Debug */,
				14A8D93024C701FB007CD350 /* Release */,
			);
			defaultConfigurationIsVisible = 0;
			defaultConfigurationName = Release;
		};
		14A8D93124C701FB007CD350 /* Build configuration list for PBXNativeTarget "CrewardsTests" */ = {
			isa = XCConfigurationList;
			buildConfigurations = (
				14A8D93224C701FB007CD350 /* Debug */,
				14A8D93324C701FB007CD350 /* Release */,
			);
			defaultConfigurationIsVisible = 0;
			defaultConfigurationName = Release;
		};
		14A8D93424C701FB007CD350 /* Build configuration list for PBXNativeTarget "CrewardsUITests" */ = {
			isa = XCConfigurationList;
			buildConfigurations = (
				14A8D93524C701FB007CD350 /* Debug */,
				14A8D93624C701FB007CD350 /* Release */,
			);
			defaultConfigurationIsVisible = 0;
			defaultConfigurationName = Release;
		};
/* End XCConfigurationList section */

/* Begin XCRemoteSwiftPackageReference section */
		144BDA8F24D48B9D00FF9085 /* XCRemoteSwiftPackageReference "SDWebImageSwiftUI" */ = {
			isa = XCRemoteSwiftPackageReference;
			repositoryURL = "https://github.com/SDWebImage/SDWebImageSwiftUI.git";
			requirement = {
				kind = upToNextMajorVersion;
				minimumVersion = 1.5.0;
			};
		};
		14B220A324D88C53004DC9FB /* XCRemoteSwiftPackageReference "SkeletonUI" */ = {
			isa = XCRemoteSwiftPackageReference;
			repositoryURL = "https://github.com/CSolanaM/SkeletonUI.git";
			requirement = {
				branch = master;
				kind = branch;
			};
		};
/* End XCRemoteSwiftPackageReference section */

/* Begin XCSwiftPackageProductDependency section */
		144BDA9024D48B9D00FF9085 /* SDWebImageSwiftUI */ = {
			isa = XCSwiftPackageProductDependency;
			package = 144BDA8F24D48B9D00FF9085 /* XCRemoteSwiftPackageReference "SDWebImageSwiftUI" */;
			productName = SDWebImageSwiftUI;
		};
		14B220A424D88C53004DC9FB /* SkeletonUI */ = {
			isa = XCSwiftPackageProductDependency;
			package = 14B220A324D88C53004DC9FB /* XCRemoteSwiftPackageReference "SkeletonUI" */;
			productName = SkeletonUI;
		};
/* End XCSwiftPackageProductDependency section */

/* Begin XCVersionGroup section */
		14A8D90824C701F9007CD350 /* Crewards.xcdatamodeld */ = {
			isa = XCVersionGroup;
			children = (
				14A8D90924C701F9007CD350 /* Crewards.xcdatamodel */,
			);
			currentVersion = 14A8D90924C701F9007CD350 /* Crewards.xcdatamodel */;
			path = Crewards.xcdatamodeld;
			sourceTree = "<group>";
			versionGroupType = wrapper.xcdatamodel;
		};
/* End XCVersionGroup section */
	};
	rootObject = 14A8D8F924C701F9007CD350 /* Project object */;
}
